
Microsoft Visual Studio Solution File, Format Version 12.00
# Visual Studio Version 16
VisualStudioVersion = 25.0.1703.5
MinimumVisualStudioVersion = 10.0.40219.1
Project("{FAE04EC0-301F-11D3-BF4B-00C04F79EFBC}") = "hm", "24.09\hm.csproj", "{BD9F4867-4A72-4822-AEE1-966192E0765B}"
EndProject
Project("{FAE04EC0-301F-11D3-BF4B-00C04F79EFBC}") = "tm", "tm\tm.csproj", "{6EF61558-01B9-44AB-BAA0-E6B914194B10}"
EndProject
Global
	GlobalSection(SolutionConfigurationPlatforms) = preSolution
		Debug|Any CPU = Debug|Any CPU
		Release|Any CPU = Release|Any CPU
	EndGlobalSection
	GlobalSection(ProjectConfigurationPlatforms) = postSolution
		{BD9F4867-4A72-4822-AEE1-966192E0765B}.Debug|Any CPU.ActiveCfg = Debug|Any CPU
		{BD9F4867-4A72-4822-AEE1-966192E0765B}.Debug|Any CPU.Build.0 = Debug|Any CPU
		{BD9F4867-4A72-4822-AEE1-966192E0765B}.Release|Any CPU.ActiveCfg = Release|Any CPU
		{BD9F4867-4A72-4822-AEE1-966192E0765B}.Release|Any CPU.Build.0 = Release|Any CPU
		{6EF61558-01B9-44AB-BAA0-E6B914194B10}.Debug|Any CPU.ActiveCfg = Debug|Any CPU
		{6EF61558-01B9-44AB-BAA0-E6B914194B10}.Debug|Any CPU.Build.0 = Debug|Any CPU
		{6EF61558-01B9-44AB-BAA0-E6B914194B10}.Release|Any CPU.ActiveCfg = Release|Any CPU
		{6EF61558-01B9-44AB-BAA0-E6B914194B10}.Release|Any CPU.Build.0 = Release|Any CPU
	EndGlobalSection
	GlobalSection(SolutionProperties) = preSolution
		HideSolutionNode = FALSE
	EndGlobalSection
	GlobalSection(ExtensibilityGlobals) = postSolution
		SolutionGuid = {2637ED81-B309-4749-94B5-EEB4E1298EB6}
	EndGlobalSection
EndGlobal
